
Microsoft Visual Studio Solution File, Format Version 12.00
# Visual Studio Version 17
VisualStudioVersion = 17.4.33110.190
MinimumVisualStudioVersion = 10.0.40219.1
Project("{911E67C6-3D85-4FCE-B560-20A9C3E3FF48}") = "game", "build\game.exe", "{99BD4881-1431-4DC1-8EE6-012A204B859C}"
	ProjectSection(DebuggerProjectSystem) = preProject
		PortSupplier = 00000000-0000-0000-0000-000000000000
<<<<<<< Updated upstream
		Executable = C:\Users\adamsocki\Desktop\School\MapProject\Mosaic_CityGenMap\build\game.exe
		RemoteMachine = 
		StartingDirectory = C:\Users\adamsocki\Desktop\School\MapProject\Mosaic_CityGenMap\build
=======
		Executable = C:\Users\AdamS\Desktop\SchoolWork\Mosaic_CityGenMap\build\game.exe
		RemoteMachine = DESKTOP-JQ060UJ
		StartingDirectory = C:\Users\AdamS\Desktop\SchoolWork\Mosaic_CityGenMap\build
>>>>>>> Stashed changes
		Environment = Default
		LaunchingEngine = 00000000-0000-0000-0000-000000000000
		UseLegacyDebugEngines = No
		LaunchSQLEngine = No
		AttachLaunchAction = No
		IORedirection = Auto
	EndProjectSection
EndProject
Global
	GlobalSection(SolutionConfigurationPlatforms) = preSolution
		Release|x64 = Release|x64
	EndGlobalSection
	GlobalSection(ProjectConfigurationPlatforms) = postSolution
		{99BD4881-1431-4DC1-8EE6-012A204B859C}.Release|x64.ActiveCfg = Release|x64
	EndGlobalSection
	GlobalSection(SolutionProperties) = preSolution
		HideSolutionNode = FALSE
	EndGlobalSection
	GlobalSection(ExtensibilityGlobals) = postSolution
		SolutionGuid = {E7C6CBB5-2D3E-4EE7-AD6E-480FB704C133}
	EndGlobalSection
EndGlobal
